// !$*UTF8*$!
{
	archiveVersion = 1;
	classes = {
	};
	objectVersion = 46;
	objects = {

/* Begin PBXBuildFile section */
		7FCCB1B2E449F05261AAE256 /* libPods.a in Frameworks */ = {isa = PBXBuildFile; fileRef = 2F8CE91711E4AABF5C1D1150 /* libPods.a */; };
		BB57AEF71A8125FE00A7A89F /* MovieTableViewCell.swift in Sources */ = {isa = PBXBuildFile; fileRef = BB57AEF61A8125FE00A7A89F /* MovieTableViewCell.swift */; };
		BB57AEF91A812B6900A7A89F /* MovieDetailViewController.swift in Sources */ = {isa = PBXBuildFile; fileRef = BB57AEF81A812B6900A7A89F /* MovieDetailViewController.swift */; };
		BB57AEFB1A812D0A00A7A89F /* Movie.swift in Sources */ = {isa = PBXBuildFile; fileRef = BB57AEFA1A812D0A00A7A89F /* Movie.swift */; };
		BB739FB41A8085200067F1A9 /* AppDelegate.swift in Sources */ = {isa = PBXBuildFile; fileRef = BB739FB31A8085200067F1A9 /* AppDelegate.swift */; };
		BB739FB61A8085200067F1A9 /* ViewController.swift in Sources */ = {isa = PBXBuildFile; fileRef = BB739FB51A8085200067F1A9 /* ViewController.swift */; };
		BB739FB91A8085200067F1A9 /* Main.storyboard in Resources */ = {isa = PBXBuildFile; fileRef = BB739FB71A8085200067F1A9 /* Main.storyboard */; };
		BB739FBB1A8085200067F1A9 /* Images.xcassets in Resources */ = {isa = PBXBuildFile; fileRef = BB739FBA1A8085200067F1A9 /* Images.xcassets */; };
		BB739FBE1A8085200067F1A9 /* LaunchScreen.xib in Resources */ = {isa = PBXBuildFile; fileRef = BB739FBC1A8085200067F1A9 /* LaunchScreen.xib */; };
		BB739FCA1A8085200067F1A9 /* RottenTomatoesSwiftTests.swift in Sources */ = {isa = PBXBuildFile; fileRef = BB739FC91A8085200067F1A9 /* RottenTomatoesSwiftTests.swift */; };
/* End PBXBuildFile section */

/* Begin PBXContainerItemProxy section */
		BB739FC41A8085200067F1A9 /* PBXContainerItemProxy */ = {
			isa = PBXContainerItemProxy;
			containerPortal = BB739FA61A8085200067F1A9 /* Project object */;
			proxyType = 1;
			remoteGlobalIDString = BB739FAD1A8085200067F1A9;
			remoteInfo = RottenTomatoesSwift;
		};
/* End PBXContainerItemProxy section */

/* Begin PBXFileReference section */
		2F8CE91711E4AABF5C1D1150 /* libPods.a */ = {isa = PBXFileReference; explicitFileType = archive.ar; includeInIndex = 0; path = libPods.a; sourceTree = BUILT_PRODUCTS_DIR; };
		91F05A7081E7D0DF22ADBDAD /* Pods.debug.xcconfig */ = {isa = PBXFileReference; includeInIndex = 1; lastKnownFileType = text.xcconfig; name = Pods.debug.xcconfig; path = "Pods/Target Support Files/Pods/Pods.debug.xcconfig"; sourceTree = "<group>"; };
		BB1CB1171A8271B1009C8B57 /* RottenTomatoesSwift-Bridging-Header.h */ = {isa = PBXFileReference; lastKnownFileType = sourcecode.c.h; path = "RottenTomatoesSwift-Bridging-Header.h"; sourceTree = "<group>"; };
		BB57AEF61A8125FE00A7A89F /* MovieTableViewCell.swift */ = {isa = PBXFileReference; fileEncoding = 4; lastKnownFileType = sourcecode.swift; path = MovieTableViewCell.swift; sourceTree = "<group>"; };
		BB57AEF81A812B6900A7A89F /* MovieDetailViewController.swift */ = {isa = PBXFileReference; fileEncoding = 4; lastKnownFileType = sourcecode.swift; path = MovieDetailViewController.swift; sourceTree = "<group>"; };
		BB57AEFA1A812D0A00A7A89F /* Movie.swift */ = {isa = PBXFileReference; fileEncoding = 4; lastKnownFileType = sourcecode.swift; path = Movie.swift; sourceTree = "<group>"; };
		BB739FAE1A8085200067F1A9 /* RottenTomatoesSwift.app */ = {isa = PBXFileReference; explicitFileType = wrapper.application; includeInIndex = 0; path = RottenTomatoesSwift.app; sourceTree = BUILT_PRODUCTS_DIR; };
		BB739FB21A8085200067F1A9 /* Info.plist */ = {isa = PBXFileReference; lastKnownFileType = text.plist.xml; path = Info.plist; sourceTree = "<group>"; };
		BB739FB31A8085200067F1A9 /* AppDelegate.swift */ = {isa = PBXFileReference; lastKnownFileType = sourcecode.swift; path = AppDelegate.swift; sourceTree = "<group>"; };
		BB739FB51A8085200067F1A9 /* ViewController.swift */ = {isa = PBXFileReference; lastKnownFileType = sourcecode.swift; path = ViewController.swift; sourceTree = "<group>"; };
		BB739FB81A8085200067F1A9 /* Base */ = {isa = PBXFileReference; lastKnownFileType = file.storyboard; name = Base; path = Base.lproj/Main.storyboard; sourceTree = "<group>"; };
		BB739FBA1A8085200067F1A9 /* Images.xcassets */ = {isa = PBXFileReference; lastKnownFileType = folder.assetcatalog; path = Images.xcassets; sourceTree = "<group>"; };
		BB739FBD1A8085200067F1A9 /* Base */ = {isa = PBXFileReference; lastKnownFileType = file.xib; name = Base; path = Base.lproj/LaunchScreen.xib; sourceTree = "<group>"; };
		BB739FC31A8085200067F1A9 /* RottenTomatoesSwiftTests.xctest */ = {isa = PBXFileReference; explicitFileType = wrapper.cfbundle; includeInIndex = 0; path = RottenTomatoesSwiftTests.xctest; sourceTree = BUILT_PRODUCTS_DIR; };
		BB739FC81A8085200067F1A9 /* Info.plist */ = {isa = PBXFileReference; lastKnownFileType = text.plist.xml; path = Info.plist; sourceTree = "<group>"; };
		BB739FC91A8085200067F1A9 /* RottenTomatoesSwiftTests.swift */ = {isa = PBXFileReference; lastKnownFileType = sourcecode.swift; path = RottenTomatoesSwiftTests.swift; sourceTree = "<group>"; };
		DB3FC07873D8D67053445226 /* Pods.release.xcconfig */ = {isa = PBXFileReference; includeInIndex = 1; lastKnownFileType = text.xcconfig; name = Pods.release.xcconfig; path = "Pods/Target Support Files/Pods/Pods.release.xcconfig"; sourceTree = "<group>"; };
/* End PBXFileReference section */

/* Begin PBXFrameworksBuildPhase section */
		BB739FAB1A8085200067F1A9 /* Frameworks */ = {
			isa = PBXFrameworksBuildPhase;
			buildActionMask = 2147483647;
			files = (
				7FCCB1B2E449F05261AAE256 /* libPods.a in Frameworks */,
			);
			runOnlyForDeploymentPostprocessing = 0;
		};
		BB739FC01A8085200067F1A9 /* Frameworks */ = {
			isa = PBXFrameworksBuildPhase;
			buildActionMask = 2147483647;
			files = (
			);
			runOnlyForDeploymentPostprocessing = 0;
		};
/* End PBXFrameworksBuildPhase section */

/* Begin PBXGroup section */
		0A75BA05D8D5ABEA2FD7CB50 /* Pods */ = {
			isa = PBXGroup;
			children = (
				91F05A7081E7D0DF22ADBDAD /* Pods.debug.xcconfig */,
				DB3FC07873D8D67053445226 /* Pods.release.xcconfig */,
			);
			name = Pods;
			sourceTree = "<group>";
		};
		3257971F9DAA044693343266 /* Frameworks */ = {
			isa = PBXGroup;
			children = (
				2F8CE91711E4AABF5C1D1150 /* libPods.a */,
			);
			name = Frameworks;
			sourceTree = "<group>";
		};
		BB739FA51A8085200067F1A9 = {
			isa = PBXGroup;
			children = (
				BB739FB01A8085200067F1A9 /* RottenTomatoesSwift */,
				BB739FC61A8085200067F1A9 /* RottenTomatoesSwiftTests */,
				BB739FAF1A8085200067F1A9 /* Products */,
				0A75BA05D8D5ABEA2FD7CB50 /* Pods */,
				3257971F9DAA044693343266 /* Frameworks */,
			);
			sourceTree = "<group>";
		};
		BB739FAF1A8085200067F1A9 /* Products */ = {
			isa = PBXGroup;
			children = (
				BB739FAE1A8085200067F1A9 /* RottenTomatoesSwift.app */,
				BB739FC31A8085200067F1A9 /* RottenTomatoesSwiftTests.xctest */,
			);
			name = Products;
			sourceTree = "<group>";
		};
		BB739FB01A8085200067F1A9 /* RottenTomatoesSwift */ = {
			isa = PBXGroup;
			children = (
				BB739FB31A8085200067F1A9 /* AppDelegate.swift */,
				BB739FB51A8085200067F1A9 /* ViewController.swift */,
				BB739FB71A8085200067F1A9 /* Main.storyboard */,
				BB57AEF81A812B6900A7A89F /* MovieDetailViewController.swift */,
				BB57AEF61A8125FE00A7A89F /* MovieTableViewCell.swift */,
				BB739FBA1A8085200067F1A9 /* Images.xcassets */,
				BB739FBC1A8085200067F1A9 /* LaunchScreen.xib */,
				BB57AEFA1A812D0A00A7A89F /* Movie.swift */,
				BB739FB11A8085200067F1A9 /* Supporting Files */,
				BB1CB1171A8271B1009C8B57 /* RottenTomatoesSwift-Bridging-Header.h */,
			);
			path = RottenTomatoesSwift;
			sourceTree = "<group>";
		};
		BB739FB11A8085200067F1A9 /* Supporting Files */ = {
			isa = PBXGroup;
			children = (
				BB739FB21A8085200067F1A9 /* Info.plist */,
			);
			name = "Supporting Files";
			sourceTree = "<group>";
		};
		BB739FC61A8085200067F1A9 /* RottenTomatoesSwiftTests */ = {
			isa = PBXGroup;
			children = (
				BB739FC91A8085200067F1A9 /* RottenTomatoesSwiftTests.swift */,
				BB739FC71A8085200067F1A9 /* Supporting Files */,
			);
			path = RottenTomatoesSwiftTests;
			sourceTree = "<group>";
		};
		BB739FC71A8085200067F1A9 /* Supporting Files */ = {
			isa = PBXGroup;
			children = (
				BB739FC81A8085200067F1A9 /* Info.plist */,
			);
			name = "Supporting Files";
			sourceTree = "<group>";
		};
/* End PBXGroup section */

/* Begin PBXNativeTarget section */
		BB739FAD1A8085200067F1A9 /* RottenTomatoesSwift */ = {
			isa = PBXNativeTarget;
			buildConfigurationList = BB739FCD1A8085200067F1A9 /* Build configuration list for PBXNativeTarget "RottenTomatoesSwift" */;
			buildPhases = (
				CDD9E060D79CF0FC3B0022EA /* Check Pods Manifest.lock */,
				BB739FAA1A8085200067F1A9 /* Sources */,
				BB739FAB1A8085200067F1A9 /* Frameworks */,
				BB739FAC1A8085200067F1A9 /* Resources */,
				B57E098144A8C96F5F150B75 /* Copy Pods Resources */,
			);
			buildRules = (
			);
			dependencies = (
			);
			name = RottenTomatoesSwift;
			productName = RottenTomatoesSwift;
			productReference = BB739FAE1A8085200067F1A9 /* RottenTomatoesSwift.app */;
			productType = "com.apple.product-type.application";
		};
		BB739FC21A8085200067F1A9 /* RottenTomatoesSwiftTests */ = {
			isa = PBXNativeTarget;
			buildConfigurationList = BB739FD01A8085200067F1A9 /* Build configuration list for PBXNativeTarget "RottenTomatoesSwiftTests" */;
			buildPhases = (
				BB739FBF1A8085200067F1A9 /* Sources */,
				BB739FC01A8085200067F1A9 /* Frameworks */,
				BB739FC11A8085200067F1A9 /* Resources */,
			);
			buildRules = (
			);
			dependencies = (
				BB739FC51A8085200067F1A9 /* PBXTargetDependency */,
			);
			name = RottenTomatoesSwiftTests;
			productName = RottenTomatoesSwiftTests;
			productReference = BB739FC31A8085200067F1A9 /* RottenTomatoesSwiftTests.xctest */;
			productType = "com.apple.product-type.bundle.unit-test";
		};
/* End PBXNativeTarget section */

/* Begin PBXProject section */
		BB739FA61A8085200067F1A9 /* Project object */ = {
			isa = PBXProject;
			attributes = {
				LastUpgradeCheck = 0610;
				ORGANIZATIONNAME = "Kristen Sundquist";
				TargetAttributes = {
					BB739FAD1A8085200067F1A9 = {
						CreatedOnToolsVersion = 6.1.1;
					};
					BB739FC21A8085200067F1A9 = {
						CreatedOnToolsVersion = 6.1.1;
						TestTargetID = BB739FAD1A8085200067F1A9;
					};
				};
			};
			buildConfigurationList = BB739FA91A8085200067F1A9 /* Build configuration list for PBXProject "RottenTomatoesSwift" */;
			compatibilityVersion = "Xcode 3.2";
			developmentRegion = English;
			hasScannedForEncodings = 0;
			knownRegions = (
				en,
				Base,
			);
			mainGroup = BB739FA51A8085200067F1A9;
			productRefGroup = BB739FAF1A8085200067F1A9 /* Products */;
			projectDirPath = "";
			projectRoot = "";
			targets = (
				BB739FAD1A8085200067F1A9 /* RottenTomatoesSwift */,
				BB739FC21A8085200067F1A9 /* RottenTomatoesSwiftTests */,
			);
		};
/* End PBXProject section */

/* Begin PBXResourcesBuildPhase section */
		BB739FAC1A8085200067F1A9 /* Resources */ = {
			isa = PBXResourcesBuildPhase;
			buildActionMask = 2147483647;
			files = (
				BB739FB91A8085200067F1A9 /* Main.storyboard in Resources */,
				BB739FBE1A8085200067F1A9 /* LaunchScreen.xib in Resources */,
				BB739FBB1A8085200067F1A9 /* Images.xcassets in Resources */,
			);
			runOnlyForDeploymentPostprocessing = 0;
		};
		BB739FC11A8085200067F1A9 /* Resources */ = {
			isa = PBXResourcesBuildPhase;
			buildActionMask = 2147483647;
			files = (
			);
			runOnlyForDeploymentPostprocessing = 0;
		};
/* End PBXResourcesBuildPhase section */

/* Begin PBXShellScriptBuildPhase section */
		B57E098144A8C96F5F150B75 /* Copy Pods Resources */ = {
			isa = PBXShellScriptBuildPhase;
			buildActionMask = 2147483647;
			files = (
			);
			inputPaths = (
			);
			name = "Copy Pods Resources";
			outputPaths = (
			);
			runOnlyForDeploymentPostprocessing = 0;
			shellPath = /bin/sh;
			shellScript = "\"${SRCROOT}/Pods/Target Support Files/Pods/Pods-resources.sh\"\n";
			showEnvVarsInLog = 0;
		};
		CDD9E060D79CF0FC3B0022EA /* Check Pods Manifest.lock */ = {
			isa = PBXShellScriptBuildPhase;
			buildActionMask = 2147483647;
			files = (
			);
			inputPaths = (
			);
			name = "Check Pods Manifest.lock";
			outputPaths = (
			);
			runOnlyForDeploymentPostprocessing = 0;
			shellPath = /bin/sh;
			shellScript = "diff \"${PODS_ROOT}/../Podfile.lock\" \"${PODS_ROOT}/Manifest.lock\" > /dev/null\nif [[ $? != 0 ]] ; then\n    cat << EOM\nerror: The sandbox is not in sync with the Podfile.lock. Run 'pod install' or update your CocoaPods installation.\nEOM\n    exit 1\nfi\n";
			showEnvVarsInLog = 0;
		};
/* End PBXShellScriptBuildPhase section */

/* Begin PBXSourcesBuildPhase section */
		BB739FAA1A8085200067F1A9 /* Sources */ = {
			isa = PBXSourcesBuildPhase;
			buildActionMask = 2147483647;
			files = (
				BB57AEF91A812B6900A7A89F /* MovieDetailViewController.swift in Sources */,
				BB739FB61A8085200067F1A9 /* ViewController.swift in Sources */,
				BB739FB41A8085200067F1A9 /* AppDelegate.swift in Sources */,
				BB57AEF71A8125FE00A7A89F /* MovieTableViewCell.swift in Sources */,
				BB57AEFB1A812D0A00A7A89F /* Movie.swift in Sources */,
			);
			runOnlyForDeploymentPostprocessing = 0;
		};
		BB739FBF1A8085200067F1A9 /* Sources */ = {
			isa = PBXSourcesBuildPhase;
			buildActionMask = 2147483647;
			files = (
				BB739FCA1A8085200067F1A9 /* RottenTomatoesSwiftTests.swift in Sources */,
			);
			runOnlyForDeploymentPostprocessing = 0;
		};
/* End PBXSourcesBuildPhase section */

/* Begin PBXTargetDependency section */
		BB739FC51A8085200067F1A9 /* PBXTargetDependency */ = {
			isa = PBXTargetDependency;
			target = BB739FAD1A8085200067F1A9 /* RottenTomatoesSwift */;
			targetProxy = BB739FC41A8085200067F1A9 /* PBXContainerItemProxy */;
		};
/* End PBXTargetDependency section */

/* Begin PBXVariantGroup section */
		BB739FB71A8085200067F1A9 /* Main.storyboard */ = {
			isa = PBXVariantGroup;
			children = (
				BB739FB81A8085200067F1A9 /* Base */,
			);
			name = Main.storyboard;
			sourceTree = "<group>";
		};
		BB739FBC1A8085200067F1A9 /* LaunchScreen.xib */ = {
			isa = PBXVariantGroup;
			children = (
				BB739FBD1A8085200067F1A9 /* Base */,
			);
			name = LaunchScreen.xib;
			sourceTree = "<group>";
		};
/* End PBXVariantGroup section */

/* Begin XCBuildConfiguration section */
		BB739FCB1A8085200067F1A9 /* Debug */ = {
			isa = XCBuildConfiguration;
			buildSettings = {
				ALWAYS_SEARCH_USER_PATHS = NO;
				CLANG_CXX_LANGUAGE_STANDARD = "gnu++0x";
				CLANG_CXX_LIBRARY = "libc++";
				CLANG_ENABLE_MODULES = YES;
				CLANG_ENABLE_OBJC_ARC = YES;
				CLANG_WARN_BOOL_CONVERSION = YES;
				CLANG_WARN_CONSTANT_CONVERSION = YES;
				CLANG_WARN_DIRECT_OBJC_ISA_USAGE = YES_ERROR;
				CLANG_WARN_EMPTY_BODY = YES;
				CLANG_WARN_ENUM_CONVERSION = YES;
				CLANG_WARN_INT_CONVERSION = YES;
				CLANG_WARN_OBJC_ROOT_CLASS = YES_ERROR;
				CLANG_WARN_UNREACHABLE_CODE = YES;
				CLANG_WARN__DUPLICATE_METHOD_MATCH = YES;
				"CODE_SIGN_IDENTITY[sdk=iphoneos*]" = "iPhone Developer";
				COPY_PHASE_STRIP = NO;
				ENABLE_STRICT_OBJC_MSGSEND = YES;
				GCC_C_LANGUAGE_STANDARD = gnu99;
				GCC_DYNAMIC_NO_PIC = NO;
				GCC_OPTIMIZATION_LEVEL = 0;
				GCC_PREPROCESSOR_DEFINITIONS = (
					"DEBUG=1",
					"$(inherited)",
				);
				GCC_SYMBOLS_PRIVATE_EXTERN = NO;
				GCC_WARN_64_TO_32_BIT_CONVERSION = YES;
				GCC_WARN_ABOUT_RETURN_TYPE = YES_ERROR;
				GCC_WARN_UNDECLARED_SELECTOR = YES;
				GCC_WARN_UNINITIALIZED_AUTOS = YES_AGGRESSIVE;
				GCC_WARN_UNUSED_FUNCTION = YES;
				GCC_WARN_UNUSED_VARIABLE = YES;
				IPHONEOS_DEPLOYMENT_TARGET = 8.1;
				MTL_ENABLE_DEBUG_INFO = YES;
				ONLY_ACTIVE_ARCH = YES;
				SDKROOT = iphoneos;
				SWIFT_OPTIMIZATION_LEVEL = "-Onone";
			};
			name = Debug;
		};
		BB739FCC1A8085200067F1A9 /* Release */ = {
			isa = XCBuildConfiguration;
			buildSettings = {
				ALWAYS_SEARCH_USER_PATHS = NO;
				CLANG_CXX_LANGUAGE_STANDARD = "gnu++0x";
				CLANG_CXX_LIBRARY = "libc++";
				CLANG_ENABLE_MODULES = YES;
				CLANG_ENABLE_OBJC_ARC = YES;
				CLANG_WARN_BOOL_CONVERSION = YES;
				CLANG_WARN_CONSTANT_CONVERSION = YES;
				CLANG_WARN_DIRECT_OBJC_ISA_USAGE = YES_ERROR;
				CLANG_WARN_EMPTY_BODY = YES;
				CLANG_WARN_ENUM_CONVERSION = YES;
				CLANG_WARN_INT_CONVERSION = YES;
				CLANG_WARN_OBJC_ROOT_CLASS = YES_ERROR;
				CLANG_WARN_UNREACHABLE_CODE = YES;
				CLANG_WARN__DUPLICATE_METHOD_MATCH = YES;
				"CODE_SIGN_IDENTITY[sdk=iphoneos*]" = "iPhone Developer";
				COPY_PHASE_STRIP = YES;
				ENABLE_NS_ASSERTIONS = NO;
				ENABLE_STRICT_OBJC_MSGSEND = YES;
				GCC_C_LANGUAGE_STANDARD = gnu99;
				GCC_WARN_64_TO_32_BIT_CONVERSION = YES;
				GCC_WARN_ABOUT_RETURN_TYPE = YES_ERROR;
				GCC_WARN_UNDECLARED_SELECTOR = YES;
				GCC_WARN_UNINITIALIZED_AUTOS = YES_AGGRESSIVE;
				GCC_WARN_UNUSED_FUNCTION = YES;
				GCC_WARN_UNUSED_VARIABLE = YES;
				IPHONEOS_DEPLOYMENT_TARGET = 8.1;
				MTL_ENABLE_DEBUG_INFO = NO;
				SDKROOT = iphoneos;
				VALIDATE_PRODUCT = YES;
			};
			name = Release;
		};
		BB739FCE1A8085200067F1A9 /* Debug */ = {
			isa = XCBuildConfiguration;
			baseConfigurationReference = 91F05A7081E7D0DF22ADBDAD /* Pods.debug.xcconfig */;
			buildSettings = {
				ASSETCATALOG_COMPILER_APPICON_NAME = AppIcon;
				INFOPLIST_FILE = RottenTomatoesSwift/Info.plist;
				LD_RUNPATH_SEARCH_PATHS = "$(inherited) @executable_path/Frameworks";
				PRODUCT_NAME = "$(TARGET_NAME)";
				SWIFT_OBJC_BRIDGING_HEADER = "RottenTomatoesSwift/RottenTomatoesSwift-Bridging-Header.h";
				TARGETED_DEVICE_FAMILY = "1,2";
			};
			name = Debug;
		};
		BB739FCF1A8085200067F1A9 /* Release */ = {
			isa = XCBuildConfiguration;
			baseConfigurationReference = DB3FC07873D8D67053445226 /* Pods.release.xcconfig */;
			buildSettings = {
				ASSETCATALOG_COMPILER_APPICON_NAME = AppIcon;
				INFOPLIST_FILE = RottenTomatoesSwift/Info.plist;
				LD_RUNPATH_SEARCH_PATHS = "$(inherited) @executable_path/Frameworks";
				PRODUCT_NAME = "$(TARGET_NAME)";
				SWIFT_OBJC_BRIDGING_HEADER = "RottenTomatoesSwift/RottenTomatoesSwift-Bridging-Header.h";
				TARGETED_DEVICE_FAMILY = "1,2";
			};
			name = Release;
		};
		BB739FD11A8085200067F1A9 /* Debug */ = {
			isa = XCBuildConfiguration;
			buildSettings = {
				BUNDLE_LOADER = "$(TEST_HOST)";
				FRAMEWORK_SEARCH_PATHS = (
					"$(SDKROOT)/Developer/Library/Frameworks",
					"$(inherited)",
				);
				GCC_PREPROCESSOR_DEFINITIONS = (
					"DEBUG=1",
					"$(inherited)",
				);
				INFOPLIST_FILE = RottenTomatoesSwiftTests/Info.plist;
				LD_RUNPATH_SEARCH_PATHS = "$(inherited) @executable_path/Frameworks @loader_path/Frameworks";
				PRODUCT_NAME = "$(TARGET_NAME)";
				TEST_HOST = "$(BUILT_PRODUCTS_DIR)/RottenTomatoesSwift.app/RottenTomatoesSwift";
			};
			name = Debug;
		};
		BB739FD21A8085200067F1A9 /* Release */ = {
			isa = XCBuildConfiguration;
			buildSettings = {
				BUNDLE_LOADER = "$(TEST_HOST)";
				FRAMEWORK_SEARCH_PATHS = (
					"$(SDKROOT)/Developer/Library/Frameworks",
					"$(inherited)",
				);
				INFOPLIST_FILE = RottenTomatoesSwiftTests/Info.plist;
				LD_RUNPATH_SEARCH_PATHS = "$(inherited) @executable_path/Frameworks @loader_path/Frameworks";
				PRODUCT_NAME = "$(TARGET_NAME)";
				TEST_HOST = "$(BUILT_PRODUCTS_DIR)/RottenTomatoesSwift.app/RottenTomatoesSwift";
			};
			name = Release;
		};
/* End XCBuildConfiguration section */

/* Begin XCConfigurationList section */
		BB739FA91A8085200067F1A9 /* Build configuration list for PBXProject "RottenTomatoesSwift" */ = {
			isa = XCConfigurationList;
			buildConfigurations = (
				BB739FCB1A8085200067F1A9 /* Debug */,
				BB739FCC1A8085200067F1A9 /* Release */,
			);
			defaultConfigurationIsVisible = 0;
			defaultConfigurationName = Release;
		};
		BB739FCD1A8085200067F1A9 /* Build configuration list for PBXNativeTarget "RottenTomatoesSwift" */ = {
			isa = XCConfigurationList;
			buildConfigurations = (
				BB739FCE1A8085200067F1A9 /* Debug */,
				BB739FCF1A8085200067F1A9 /* Release */,
			);
			defaultConfigurationIsVisible = 0;
			defaultConfigurationName = Release;
		};
		BB739FD01A8085200067F1A9 /* Build configuration list for PBXNativeTarget "RottenTomatoesSwiftTests" */ = {
			isa = XCConfigurationList;
			buildConfigurations = (
				BB739FD11A8085200067F1A9 /* Debug */,
				BB739FD21A8085200067F1A9 /* Release */,
			);
			defaultConfigurationIsVisible = 0;
			defaultConfigurationName = Release;
		};
/* End XCConfigurationList section */
	};
	rootObject = BB739FA61A8085200067F1A9 /* Project object */;
}
